{
  "requires": true,
  "lockfileVersion": 1,
  "dependencies": {
    "esprima": {
      "version": "github:substack/esprima#0a7f8489a11b44b019ce168506f535f22d0be290",
      "from": "github:substack/esprima#is-keyword"
    },
    "falafel": {
      "version": "0.2.1",
      "resolved": "https://registry.npmjs.org/falafel/-/falafel-0.2.1.tgz",
      "integrity": "sha1-nvxRzhnsVykIayKuiJ5dfQ4lZgE=",
      "requires": {
        "esprima": "github:substack/esprima#is-keyword"
      }
    },
    "through": {
      "version": "2.2.7",
      "resolved": "https://registry.npmjs.org/through/-/through-2.2.7.tgz",
      "integrity": "sha1-bo4hIAGR1OtqmfbwEN9Gqhxusr0="
    },
    "turn": {
      "version": "0.0.0",
      "resolved": "https://registry.npmjs.org/turn/-/turn-0.0.0.tgz",
      "integrity": "sha1-fP8M+RXdOg6yUR9VgQiLLo2x6uA=",
      "requires": {
        "falafel": "~0.2.0",
        "through": "~2.2.1"
      }
    }
  }
}
